// !$*UTF8*$!
{
	archiveVersion = 1;
	classes = {
	};
	objectVersion = 56;
	objects = {

/* Begin PBXBuildFile section */
		84797E832A4ABE3F007ED0AC /* PostModel.swift in Sources */ = {isa = PBXBuildFile; fileRef = 84797E822A4ABE3F007ED0AC /* PostModel.swift */; };
		84797E852A4ABF03007ED0AC /* PostTableViewCell.swift in Sources */ = {isa = PBXBuildFile; fileRef = 84797E842A4ABF03007ED0AC /* PostTableViewCell.swift */; };
		84797E872A4B19DE007ED0AC /* PhotosTableViewCell.swift in Sources */ = {isa = PBXBuildFile; fileRef = 84797E862A4B19DE007ED0AC /* PhotosTableViewCell.swift */; };
		84797E892A4B19F5007ED0AC /* PhotosModel.swift in Sources */ = {isa = PBXBuildFile; fileRef = 84797E882A4B19F5007ED0AC /* PhotosModel.swift */; };
		84797E8B2A4B1A01007ED0AC /* CustomCollectionViewCell.swift in Sources */ = {isa = PBXBuildFile; fileRef = 84797E8A2A4B1A01007ED0AC /* CustomCollectionViewCell.swift */; };
		84797E8F2A4DB396007ED0AC /* CustomCollectionGalery.swift in Sources */ = {isa = PBXBuildFile; fileRef = 84797E8E2A4DB396007ED0AC /* CustomCollectionGalery.swift */; };
		84797E922A4DB3E1007ED0AC /* PhotoViewController.swift in Sources */ = {isa = PBXBuildFile; fileRef = 84797E912A4DB3E1007ED0AC /* PhotoViewController.swift */; };
		84797E962A4E0F20007ED0AC /* UIView +Extention.swift in Sources */ = {isa = PBXBuildFile; fileRef = 84797E952A4E0F20007ED0AC /* UIView +Extention.swift */; };
		8486481E2A472CA400AEC44C /* ProfileViewController.swift in Sources */ = {isa = PBXBuildFile; fileRef = 8486481D2A472C6700AEC44C /* ProfileViewController.swift */; };
		8486481F2A472CA700AEC44C /* ProfileHeaderView.swift in Sources */ = {isa = PBXBuildFile; fileRef = 8486481B2A472C6700AEC44C /* ProfileHeaderView.swift */; };
		848648202A472CAA00AEC44C /* LoginViewController.swift in Sources */ = {isa = PBXBuildFile; fileRef = 8486481C2A472C6700AEC44C /* LoginViewController.swift */; };
		848648222A472D2100AEC44C /* FeedViewController.swift in Sources */ = {isa = PBXBuildFile; fileRef = 848648212A472D2100AEC44C /* FeedViewController.swift */; };
		848648262A472D2C00AEC44C /* PostViewController.swift in Sources */ = {isa = PBXBuildFile; fileRef = 848648252A472D2B00AEC44C /* PostViewController.swift */; };
		848648292A472D7300AEC44C /* InfoViewController.swift in Sources */ = {isa = PBXBuildFile; fileRef = 848648282A472D7300AEC44C /* InfoViewController.swift */; };
		84E2627D2A3B9D1B00AE3703 /* AppDelegate.swift in Sources */ = {isa = PBXBuildFile; fileRef = 84E2627C2A3B9D1B00AE3703 /* AppDelegate.swift */; };
		84E2627F2A3B9D1B00AE3703 /* SceneDelegate.swift in Sources */ = {isa = PBXBuildFile; fileRef = 84E2627E2A3B9D1B00AE3703 /* SceneDelegate.swift */; };
		84E262812A3B9D1B00AE3703 /* ViewController.swift in Sources */ = {isa = PBXBuildFile; fileRef = 84E262802A3B9D1B00AE3703 /* ViewController.swift */; };
		84E262862A3B9D1F00AE3703 /* Assets.xcassets in Resources */ = {isa = PBXBuildFile; fileRef = 84E262852A3B9D1F00AE3703 /* Assets.xcassets */; };
		84E262892A3B9D1F00AE3703 /* LaunchScreen.storyboard in Resources */ = {isa = PBXBuildFile; fileRef = 84E262872A3B9D1F00AE3703 /* LaunchScreen.storyboard */; };
/* End PBXBuildFile section */

/* Begin PBXFileReference section */
		84797E822A4ABE3F007ED0AC /* PostModel.swift */ = {isa = PBXFileReference; fileEncoding = 4; lastKnownFileType = sourcecode.swift; path = PostModel.swift; sourceTree = "<group>"; };
		84797E842A4ABF03007ED0AC /* PostTableViewCell.swift */ = {isa = PBXFileReference; fileEncoding = 4; lastKnownFileType = sourcecode.swift; path = PostTableViewCell.swift; sourceTree = "<group>"; };
		84797E862A4B19DE007ED0AC /* PhotosTableViewCell.swift */ = {isa = PBXFileReference; fileEncoding = 4; lastKnownFileType = sourcecode.swift; path = PhotosTableViewCell.swift; sourceTree = "<group>"; };
		84797E882A4B19F5007ED0AC /* PhotosModel.swift */ = {isa = PBXFileReference; fileEncoding = 4; lastKnownFileType = sourcecode.swift; path = PhotosModel.swift; sourceTree = "<group>"; };
		84797E8A2A4B1A01007ED0AC /* CustomCollectionViewCell.swift */ = {isa = PBXFileReference; fileEncoding = 4; lastKnownFileType = sourcecode.swift; path = CustomCollectionViewCell.swift; sourceTree = "<group>"; };
		84797E8E2A4DB396007ED0AC /* CustomCollectionGalery.swift */ = {isa = PBXFileReference; fileEncoding = 4; lastKnownFileType = sourcecode.swift; path = CustomCollectionGalery.swift; sourceTree = "<group>"; };
		84797E912A4DB3E1007ED0AC /* PhotoViewController.swift */ = {isa = PBXFileReference; fileEncoding = 4; lastKnownFileType = sourcecode.swift; path = PhotoViewController.swift; sourceTree = "<group>"; };
		84797E952A4E0F20007ED0AC /* UIView +Extention.swift */ = {isa = PBXFileReference; fileEncoding = 4; lastKnownFileType = sourcecode.swift; path = "UIView +Extention.swift"; sourceTree = "<group>"; };
		8486481B2A472C6700AEC44C /* ProfileHeaderView.swift */ = {isa = PBXFileReference; lastKnownFileType = sourcecode.swift; path = ProfileHeaderView.swift; sourceTree = "<group>"; };
		8486481C2A472C6700AEC44C /* LoginViewController.swift */ = {isa = PBXFileReference; lastKnownFileType = sourcecode.swift; path = LoginViewController.swift; sourceTree = "<group>"; };
		8486481D2A472C6700AEC44C /* ProfileViewController.swift */ = {isa = PBXFileReference; lastKnownFileType = sourcecode.swift; path = ProfileViewController.swift; sourceTree = "<group>"; };
		848648212A472D2100AEC44C /* FeedViewController.swift */ = {isa = PBXFileReference; lastKnownFileType = sourcecode.swift; path = FeedViewController.swift; sourceTree = "<group>"; };
		848648252A472D2B00AEC44C /* PostViewController.swift */ = {isa = PBXFileReference; lastKnownFileType = sourcecode.swift; path = PostViewController.swift; sourceTree = "<group>"; };
		848648282A472D7300AEC44C /* InfoViewController.swift */ = {isa = PBXFileReference; fileEncoding = 4; lastKnownFileType = sourcecode.swift; path = InfoViewController.swift; sourceTree = "<group>"; };
		84E262792A3B9D1B00AE3703 /* DiplomProekt.app */ = {isa = PBXFileReference; explicitFileType = wrapper.application; includeInIndex = 0; path = DiplomProekt.app; sourceTree = BUILT_PRODUCTS_DIR; };
		84E2627C2A3B9D1B00AE3703 /* AppDelegate.swift */ = {isa = PBXFileReference; lastKnownFileType = sourcecode.swift; path = AppDelegate.swift; sourceTree = "<group>"; };
		84E2627E2A3B9D1B00AE3703 /* SceneDelegate.swift */ = {isa = PBXFileReference; lastKnownFileType = sourcecode.swift; path = SceneDelegate.swift; sourceTree = "<group>"; };
		84E262802A3B9D1B00AE3703 /* ViewController.swift */ = {isa = PBXFileReference; lastKnownFileType = sourcecode.swift; path = ViewController.swift; sourceTree = "<group>"; };
		84E262852A3B9D1F00AE3703 /* Assets.xcassets */ = {isa = PBXFileReference; lastKnownFileType = folder.assetcatalog; path = Assets.xcassets; sourceTree = "<group>"; };
		84E262882A3B9D1F00AE3703 /* Base */ = {isa = PBXFileReference; lastKnownFileType = file.storyboard; name = Base; path = Base.lproj/LaunchScreen.storyboard; sourceTree = "<group>"; };
		84E2628A2A3B9D1F00AE3703 /* Info.plist */ = {isa = PBXFileReference; lastKnownFileType = text.plist.xml; path = Info.plist; sourceTree = "<group>"; };
/* End PBXFileReference section */

/* Begin PBXFrameworksBuildPhase section */
		84E262762A3B9D1B00AE3703 /* Frameworks */ = {
			isa = PBXFrameworksBuildPhase;
			buildActionMask = 2147483647;
			files = (
			);
			runOnlyForDeploymentPostprocessing = 0;
		};
/* End PBXFrameworksBuildPhase section */

/* Begin PBXGroup section */
		84797E902A4DB3AA007ED0AC /* Galerea */ = {
			isa = PBXGroup;
			children = (
				84797E912A4DB3E1007ED0AC /* PhotoViewController.swift */,
				84797E8E2A4DB396007ED0AC /* CustomCollectionGalery.swift */,
			);
			path = Galerea;
			sourceTree = "<group>";
		};
		8486481A2A472C6700AEC44C /* Profile */ = {
			isa = PBXGroup;
			children = (
				8486481B2A472C6700AEC44C /* ProfileHeaderView.swift */,
				8486481D2A472C6700AEC44C /* ProfileViewController.swift */,
				8486481C2A472C6700AEC44C /* LoginViewController.swift */,
				84797E822A4ABE3F007ED0AC /* PostModel.swift */,
				84797E842A4ABF03007ED0AC /* PostTableViewCell.swift */,
				84797E862A4B19DE007ED0AC /* PhotosTableViewCell.swift */,
				84797E882A4B19F5007ED0AC /* PhotosModel.swift */,
				84797E8A2A4B1A01007ED0AC /* CustomCollectionViewCell.swift */,
				84797E902A4DB3AA007ED0AC /* Galerea */,
			);
			path = Profile;
			sourceTree = "<group>";
		};
		848648272A472D4700AEC44C /* Feed */ = {
			isa = PBXGroup;
			children = (
				848648252A472D2B00AEC44C /* PostViewController.swift */,
				848648282A472D7300AEC44C /* InfoViewController.swift */,
				848648212A472D2100AEC44C /* FeedViewController.swift */,
			);
			path = Feed;
			sourceTree = "<group>";
		};
		84E262702A3B9D1A00AE3703 = {
			isa = PBXGroup;
			children = (
				84E2627B2A3B9D1B00AE3703 /* DiplomProekt */,
				84E2627A2A3B9D1B00AE3703 /* Products */,
			);
			sourceTree = "<group>";
		};
		84E2627A2A3B9D1B00AE3703 /* Products */ = {
			isa = PBXGroup;
			children = (
				84E262792A3B9D1B00AE3703 /* DiplomProekt.app */,
			);
			name = Products;
			sourceTree = "<group>";
		};
		84E2627B2A3B9D1B00AE3703 /* DiplomProekt */ = {
			isa = PBXGroup;
			children = (
				84E2627C2A3B9D1B00AE3703 /* AppDelegate.swift */,
				84E2627E2A3B9D1B00AE3703 /* SceneDelegate.swift */,
				84797E952A4E0F20007ED0AC /* UIView +Extention.swift */,
				84E262802A3B9D1B00AE3703 /* ViewController.swift */,
				84E262852A3B9D1F00AE3703 /* Assets.xcassets */,
				84E262872A3B9D1F00AE3703 /* LaunchScreen.storyboard */,
				84E2628A2A3B9D1F00AE3703 /* Info.plist */,
				848648272A472D4700AEC44C /* Feed */,
				8486481A2A472C6700AEC44C /* Profile */,
			);
			path = DiplomProekt;
			sourceTree = "<group>";
		};
/* End PBXGroup section */

/* Begin PBXNativeTarget section */
		84E262782A3B9D1B00AE3703 /* DiplomProekt */ = {
			isa = PBXNativeTarget;
			buildConfigurationList = 84E2628D2A3B9D1F00AE3703 /* Build configuration list for PBXNativeTarget "DiplomProekt" */;
			buildPhases = (
				84E262752A3B9D1B00AE3703 /* Sources */,
				84E262762A3B9D1B00AE3703 /* Frameworks */,
				84E262772A3B9D1B00AE3703 /* Resources */,
			);
			buildRules = (
			);
			dependencies = (
			);
			name = DiplomProekt;
			productName = DiplomProekt;
			productReference = 84E262792A3B9D1B00AE3703 /* DiplomProekt.app */;
			productType = "com.apple.product-type.application";
		};
/* End PBXNativeTarget section */

/* Begin PBXProject section */
		84E262712A3B9D1A00AE3703 /* Project object */ = {
			isa = PBXProject;
			attributes = {
				BuildIndependentTargetsInParallel = 1;
				LastSwiftUpdateCheck = 1430;
				LastUpgradeCheck = 1430;
				TargetAttributes = {
					84E262782A3B9D1B00AE3703 = {
						CreatedOnToolsVersion = 14.3;
					};
				};
			};
			buildConfigurationList = 84E262742A3B9D1A00AE3703 /* Build configuration list for PBXProject "DiplomProekt" */;
			compatibilityVersion = "Xcode 14.0";
			developmentRegion = en;
			hasScannedForEncodings = 0;
			knownRegions = (
				en,
				Base,
			);
			mainGroup = 84E262702A3B9D1A00AE3703;
			productRefGroup = 84E2627A2A3B9D1B00AE3703 /* Products */;
			projectDirPath = "";
			projectRoot = "";
			targets = (
				84E262782A3B9D1B00AE3703 /* DiplomProekt */,
			);
		};
/* End PBXProject section */

/* Begin PBXResourcesBuildPhase section */
		84E262772A3B9D1B00AE3703 /* Resources */ = {
			isa = PBXResourcesBuildPhase;
			buildActionMask = 2147483647;
			files = (
				84E262892A3B9D1F00AE3703 /* LaunchScreen.storyboard in Resources */,
				84E262862A3B9D1F00AE3703 /* Assets.xcassets in Resources */,
			);
			runOnlyForDeploymentPostprocessing = 0;
		};
/* End PBXResourcesBuildPhase section */

/* Begin PBXSourcesBuildPhase section */
		84E262752A3B9D1B00AE3703 /* Sources */ = {
			isa = PBXSourcesBuildPhase;
			buildActionMask = 2147483647;
			files = (
				84797E872A4B19DE007ED0AC /* PhotosTableViewCell.swift in Sources */,
				84797E8B2A4B1A01007ED0AC /* CustomCollectionViewCell.swift in Sources */,
				84797E852A4ABF03007ED0AC /* PostTableViewCell.swift in Sources */,
				848648262A472D2C00AEC44C /* PostViewController.swift in Sources */,
				84797E832A4ABE3F007ED0AC /* PostModel.swift in Sources */,
				848648202A472CAA00AEC44C /* LoginViewController.swift in Sources */,
				84797E8F2A4DB396007ED0AC /* CustomCollectionGalery.swift in Sources */,
				84E262812A3B9D1B00AE3703 /* ViewController.swift in Sources */,
				84E2627D2A3B9D1B00AE3703 /* AppDelegate.swift in Sources */,
				848648292A472D7300AEC44C /* InfoViewController.swift in Sources */,
				84797E962A4E0F20007ED0AC /* UIView +Extention.swift in Sources */,
				84797E892A4B19F5007ED0AC /* PhotosModel.swift in Sources */,
				8486481F2A472CA700AEC44C /* ProfileHeaderView.swift in Sources */,
				8486481E2A472CA400AEC44C /* ProfileViewController.swift in Sources */,
				84797E922A4DB3E1007ED0AC /* PhotoViewController.swift in Sources */,
				84E2627F2A3B9D1B00AE3703 /* SceneDelegate.swift in Sources */,
				848648222A472D2100AEC44C /* FeedViewController.swift in Sources */,
			);
			runOnlyForDeploymentPostprocessing = 0;
		};
/* End PBXSourcesBuildPhase section */

/* Begin PBXVariantGroup section */
		84E262872A3B9D1F00AE3703 /* LaunchScreen.storyboard */ = {
			isa = PBXVariantGroup;
			children = (
				84E262882A3B9D1F00AE3703 /* Base */,
			);
			name = LaunchScreen.storyboard;
			sourceTree = "<group>";
		};
/* End PBXVariantGroup section */

/* Begin XCBuildConfiguration section */
		84E2628B2A3B9D1F00AE3703 /* Debug */ = {
			isa = XCBuildConfiguration;
			buildSettings = {
				ALWAYS_SEARCH_USER_PATHS = NO;
				CLANG_ANALYZER_NONNULL = YES;
				CLANG_ANALYZER_NUMBER_OBJECT_CONVERSION = YES_AGGRESSIVE;
				CLANG_CXX_LANGUAGE_STANDARD = "gnu++20";
				CLANG_ENABLE_MODULES = YES;
				CLANG_ENABLE_OBJC_ARC = YES;
				CLANG_ENABLE_OBJC_WEAK = YES;
				CLANG_WARN_BLOCK_CAPTURE_AUTORELEASING = YES;
				CLANG_WARN_BOOL_CONVERSION = YES;
				CLANG_WARN_COMMA = YES;
				CLANG_WARN_CONSTANT_CONVERSION = YES;
				CLANG_WARN_DEPRECATED_OBJC_IMPLEMENTATIONS = YES;
				CLANG_WARN_DIRECT_OBJC_ISA_USAGE = YES_ERROR;
				CLANG_WARN_DOCUMENTATION_COMMENTS = YES;
				CLANG_WARN_EMPTY_BODY = YES;
				CLANG_WARN_ENUM_CONVERSION = YES;
				CLANG_WARN_INFINITE_RECURSION = YES;
				CLANG_WARN_INT_CONVERSION = YES;
				CLANG_WARN_NON_LITERAL_NULL_CONVERSION = YES;
				CLANG_WARN_OBJC_IMPLICIT_RETAIN_SELF = YES;
				CLANG_WARN_OBJC_LITERAL_CONVERSION = YES;
				CLANG_WARN_OBJC_ROOT_CLASS = YES_ERROR;
				CLANG_WARN_QUOTED_INCLUDE_IN_FRAMEWORK_HEADER = YES;
				CLANG_WARN_RANGE_LOOP_ANALYSIS = YES;
				CLANG_WARN_STRICT_PROTOTYPES = YES;
				CLANG_WARN_SUSPICIOUS_MOVE = YES;
				CLANG_WARN_UNGUARDED_AVAILABILITY = YES_AGGRESSIVE;
				CLANG_WARN_UNREACHABLE_CODE = YES;
				CLANG_WARN__DUPLICATE_METHOD_MATCH = YES;
				COPY_PHASE_STRIP = NO;
				DEBUG_INFORMATION_FORMAT = dwarf;
				ENABLE_STRICT_OBJC_MSGSEND = YES;
				ENABLE_TESTABILITY = YES;
				GCC_C_LANGUAGE_STANDARD = gnu11;
				GCC_DYNAMIC_NO_PIC = NO;
				GCC_NO_COMMON_BLOCKS = YES;
				GCC_OPTIMIZATION_LEVEL = 0;
				GCC_PREPROCESSOR_DEFINITIONS = (
					"DEBUG=1",
					"$(inherited)",
				);
				GCC_WARN_64_TO_32_BIT_CONVERSION = YES;
				GCC_WARN_ABOUT_RETURN_TYPE = YES_ERROR;
				GCC_WARN_UNDECLARED_SELECTOR = YES;
				GCC_WARN_UNINITIALIZED_AUTOS = YES_AGGRESSIVE;
				GCC_WARN_UNUSED_FUNCTION = YES;
				GCC_WARN_UNUSED_VARIABLE = YES;
				IPHONEOS_DEPLOYMENT_TARGET = 16.4;
				MTL_ENABLE_DEBUG_INFO = INCLUDE_SOURCE;
				MTL_FAST_MATH = YES;
				ONLY_ACTIVE_ARCH = YES;
				SDKROOT = iphoneos;
				SWIFT_ACTIVE_COMPILATION_CONDITIONS = DEBUG;
				SWIFT_OPTIMIZATION_LEVEL = "-Onone";
			};
			name = Debug;
		};
		84E2628C2A3B9D1F00AE3703 /* Release */ = {
			isa = XCBuildConfiguration;
			buildSettings = {
				ALWAYS_SEARCH_USER_PATHS = NO;
				CLANG_ANALYZER_NONNULL = YES;
				CLANG_ANALYZER_NUMBER_OBJECT_CONVERSION = YES_AGGRESSIVE;
				CLANG_CXX_LANGUAGE_STANDARD = "gnu++20";
				CLANG_ENABLE_MODULES = YES;
				CLANG_ENABLE_OBJC_ARC = YES;
				CLANG_ENABLE_OBJC_WEAK = YES;
				CLANG_WARN_BLOCK_CAPTURE_AUTORELEASING = YES;
				CLANG_WARN_BOOL_CONVERSION = YES;
				CLANG_WARN_COMMA = YES;
				CLANG_WARN_CONSTANT_CONVERSION = YES;
				CLANG_WARN_DEPRECATED_OBJC_IMPLEMENTATIONS = YES;
				CLANG_WARN_DIRECT_OBJC_ISA_USAGE = YES_ERROR;
				CLANG_WARN_DOCUMENTATION_COMMENTS = YES;
				CLANG_WARN_EMPTY_BODY = YES;
				CLANG_WARN_ENUM_CONVERSION = YES;
				CLANG_WARN_INFINITE_RECURSION = YES;
				CLANG_WARN_INT_CONVERSION = YES;
				CLANG_WARN_NON_LITERAL_NULL_CONVERSION = YES;
				CLANG_WARN_OBJC_IMPLICIT_RETAIN_SELF = YES;
				CLANG_WARN_OBJC_LITERAL_CONVERSION = YES;
				CLANG_WARN_OBJC_ROOT_CLASS = YES_ERROR;
				CLANG_WARN_QUOTED_INCLUDE_IN_FRAMEWORK_HEADER = YES;
				CLANG_WARN_RANGE_LOOP_ANALYSIS = YES;
				CLANG_WARN_STRICT_PROTOTYPES = YES;
				CLANG_WARN_SUSPICIOUS_MOVE = YES;
				CLANG_WARN_UNGUARDED_AVAILABILITY = YES_AGGRESSIVE;
				CLANG_WARN_UNREACHABLE_CODE = YES;
				CLANG_WARN__DUPLICATE_METHOD_MATCH = YES;
				COPY_PHASE_STRIP = NO;
				DEBUG_INFORMATION_FORMAT = "dwarf-with-dsym";
				ENABLE_NS_ASSERTIONS = NO;
				ENABLE_STRICT_OBJC_MSGSEND = YES;
				GCC_C_LANGUAGE_STANDARD = gnu11;
				GCC_NO_COMMON_BLOCKS = YES;
				GCC_WARN_64_TO_32_BIT_CONVERSION = YES;
				GCC_WARN_ABOUT_RETURN_TYPE = YES_ERROR;
				GCC_WARN_UNDECLARED_SELECTOR = YES;
				GCC_WARN_UNINITIALIZED_AUTOS = YES_AGGRESSIVE;
				GCC_WARN_UNUSED_FUNCTION = YES;
				GCC_WARN_UNUSED_VARIABLE = YES;
				IPHONEOS_DEPLOYMENT_TARGET = 16.4;
				MTL_ENABLE_DEBUG_INFO = NO;
				MTL_FAST_MATH = YES;
				SDKROOT = iphoneos;
				SWIFT_COMPILATION_MODE = wholemodule;
				SWIFT_OPTIMIZATION_LEVEL = "-O";
				VALIDATE_PRODUCT = YES;
			};
			name = Release;
		};
		84E2628E2A3B9D1F00AE3703 /* Debug */ = {
			isa = XCBuildConfiguration;
			buildSettings = {
				ASSETCATALOG_COMPILER_APPICON_NAME = AppIcon;
				ASSETCATALOG_COMPILER_GLOBAL_ACCENT_COLOR_NAME = AccentColor;
				CODE_SIGN_STYLE = Automatic;
				CURRENT_PROJECT_VERSION = 1;
				DEVELOPMENT_TEAM = ZXFZCSBAJQ;
				GENERATE_INFOPLIST_FILE = YES;
				INFOPLIST_FILE = DiplomProekt/Info.plist;
				INFOPLIST_KEY_UIApplicationSupportsIndirectInputEvents = YES;
				INFOPLIST_KEY_UILaunchStoryboardName = LaunchScreen;
				INFOPLIST_KEY_UISupportedInterfaceOrientations_iPad = "UIInterfaceOrientationPortrait UIInterfaceOrientationPortraitUpsideDown UIInterfaceOrientationLandscapeLeft UIInterfaceOrientationLandscapeRight";
				INFOPLIST_KEY_UISupportedInterfaceOrientations_iPhone = "UIInterfaceOrientationPortrait UIInterfaceOrientationLandscapeLeft UIInterfaceOrientationLandscapeRight";
				LD_RUNPATH_SEARCH_PATHS = (
					"$(inherited)",
					"@executable_path/Frameworks",
				);
				MARKETING_VERSION = 1.0;
				PRODUCT_BUNDLE_IDENTIFIER = com.DiplomProekt;
				PRODUCT_NAME = "$(TARGET_NAME)";
				SWIFT_EMIT_LOC_STRINGS = YES;
				SWIFT_VERSION = 5.0;
				TARGETED_DEVICE_FAMILY = "1,2";
			};
			name = Debug;
		};
		84E2628F2A3B9D1F00AE3703 /* Release */ = {
			isa = XCBuildConfiguration;
			buildSettings = {
				ASSETCATALOG_COMPILER_APPICON_NAME = AppIcon;
				ASSETCATALOG_COMPILER_GLOBAL_ACCENT_COLOR_NAME = AccentColor;
				CODE_SIGN_STYLE = Automatic;
				CURRENT_PROJECT_VERSION = 1;
				DEVELOPMENT_TEAM = ZXFZCSBAJQ;
				GENERATE_INFOPLIST_FILE = YES;
				INFOPLIST_FILE = DiplomProekt/Info.plist;
				INFOPLIST_KEY_UIApplicationSupportsIndirectInputEvents = YES;
				INFOPLIST_KEY_UILaunchStoryboardName = LaunchScreen;
				INFOPLIST_KEY_UISupportedInterfaceOrientations_iPad = "UIInterfaceOrientationPortrait UIInterfaceOrientationPortraitUpsideDown UIInterfaceOrientationLandscapeLeft UIInterfaceOrientationLandscapeRight";
				INFOPLIST_KEY_UISupportedInterfaceOrientations_iPhone = "UIInterfaceOrientationPortrait UIInterfaceOrientationLandscapeLeft UIInterfaceOrientationLandscapeRight";
				LD_RUNPATH_SEARCH_PATHS = (
					"$(inherited)",
					"@executable_path/Frameworks",
				);
				MARKETING_VERSION = 1.0;
				PRODUCT_BUNDLE_IDENTIFIER = com.DiplomProekt;
				PRODUCT_NAME = "$(TARGET_NAME)";
				SWIFT_EMIT_LOC_STRINGS = YES;
				SWIFT_VERSION = 5.0;
				TARGETED_DEVICE_FAMILY = "1,2";
			};
			name = Release;
		};
/* End XCBuildConfiguration section */

/* Begin XCConfigurationList section */
		84E262742A3B9D1A00AE3703 /* Build configuration list for PBXProject "DiplomProekt" */ = {
			isa = XCConfigurationList;
			buildConfigurations = (
				84E2628B2A3B9D1F00AE3703 /* Debug */,
				84E2628C2A3B9D1F00AE3703 /* Release */,
			);
			defaultConfigurationIsVisible = 0;
			defaultConfigurationName = Release;
		};
		84E2628D2A3B9D1F00AE3703 /* Build configuration list for PBXNativeTarget "DiplomProekt" */ = {
			isa = XCConfigurationList;
			buildConfigurations = (
				84E2628E2A3B9D1F00AE3703 /* Debug */,
				84E2628F2A3B9D1F00AE3703 /* Release */,
			);
			defaultConfigurationIsVisible = 0;
			defaultConfigurationName = Release;
		};
/* End XCConfigurationList section */
	};
	rootObject = 84E262712A3B9D1A00AE3703 /* Project object */;
}
